<?xml version="1.0" encoding="utf-8"?>
<Project ToolsVersion="4.0" xmlns="http://schemas.microsoft.com/developer/msbuild/2003">
  <ItemGroup>
    <Filter Include="Sources">
      <UniqueIdentifier>{7f84c2c6-8282-4d7f-bc14-09f8753f1912}</UniqueIdentifier>
    </Filter>
    <Filter Include="Headers">
      <UniqueIdentifier>{d165fdd0-62bc-4970-a23e-44250993c4af}</UniqueIdentifier>
    </Filter>
  </ItemGroup>
  <ItemGroup>
    <ClCompile Include="mainTest.cpp">
      <Filter>Sources</Filter>
    </ClCompile>
    <ClCompile Include="LinuxServer.cpp">
      <Filter>Sources</Filter>
    </ClCompile>
    <ClCompile Include="MessageHandler.cpp">
      <Filter>Sources</Filter>
    </ClCompile>
    <ClCompile Include="LinuxClient.cpp">
      <Filter>Sources</Filter>
    </ClCompile>
  </ItemGroup>
  <ItemGroup>
    <ClInclude Include="LinuxServer.h">
      <Filter>Headers</Filter>
    </ClInclude>
    <ClInclude Include="MessageHandler.h">
      <Filter>Headers</Filter>
    </ClInclude>
    <ClInclude Include="LinuxClient.h">
      <Filter>Headers</Filter>
    </ClInclude>
  </ItemGroup>
</Project>